SITE
  remote: http://community.opscode.com/api/v1
  specs:
    build-essential (1.0.0)
    dmg (1.0.0)
    git (1.0.0)
      dmg (>= 0.0.0)
      runit (>= 0.0.0)
      yum (>= 0.0.0)
    nodejs (0.6.11)
      build-essential (>= 0.0.0)
    ohai (1.0.2)
    perlbrew (0.1.0)
    python (1.0.6)
      build-essential (>= 0.0.0)
    rbenv (1.3.1)
      git (>= 0.0.0)
      ohai (~> 1.0.2)
    runit (0.15.0)
    yum (0.5.2)

GIT
  remote: https://github.com/indoorsdog/fork_michaelklishin_gradle-chef-cookbook
  ref: master
  sha: de368cac3e75ee783f47631a311caffb7cd66c26
  specs:
    gradle (0.0.1)

GIT
  remote: https://github.com/indoorsdog/fork_opscode-cookbooks_java
  ref: master
  sha: 97c6c220ecc7fdcf0599864d2fa46a4575637fe1
  specs:
    java (1.5.1)

DEPENDENCIES
  build-essential (>= 0)
  git (>= 0)
  gradle (>= 0)
  java (>= 0)
  nodejs (>= 0)
  perlbrew (>= 0)
  python (>= 0)
  rbenv (>= 0)

